
Microsoft Visual Studio Solution File, Format Version 11.00
# Visual Studio 2010
Project("{FAE04EC0-301F-11D3-BF4B-00C04F79EFBC}") = "Assembly-CSharp", "Assembly-CSharp.csproj", "{999EE297-5402-3D24-38CC-9789774DD84D}"
EndProject
Project("{FAE04EC0-301F-11D3-BF4B-00C04F79EFBC}") = "Tachyon.Client", "Tachyon.Client.csproj", "{17EF9048-94D6-752A-6958-909D9CE47C2C}"
EndProject
Project("{FAE04EC0-301F-11D3-BF4B-00C04F79EFBC}") = "NewAssembly", "NewAssembly.csproj", "{DFD03915-51D1-4733-A6EC-BC063E51BFBE}"
EndProject
Project("{FAE04EC0-301F-11D3-BF4B-00C04F79EFBC}") = "Tachyon.Common.Editor", "Tachyon.Common.Editor.csproj", "{B37EF2CD-D20E-1343-1AB5-44ED4926215D}"
EndProject
Global
	GlobalSection(SolutionConfigurationPlatforms) = preSolution
		Debug|Any CPU = Debug|Any CPU
		Release|Any CPU = Release|Any CPU
	EndGlobalSection
	GlobalSection(ProjectConfigurationPlatforms) = postSolution
		{999EE297-5402-3D24-38CC-9789774DD84D}.Debug|Any CPU.ActiveCfg = Debug|Any CPU
		{999EE297-5402-3D24-38CC-9789774DD84D}.Debug|Any CPU.Build.0 = Debug|Any CPU
		{999EE297-5402-3D24-38CC-9789774DD84D}.Release|Any CPU.ActiveCfg = Release|Any CPU
		{999EE297-5402-3D24-38CC-9789774DD84D}.Release|Any CPU.Build.0 = Release|Any CPU
		{17EF9048-94D6-752A-6958-909D9CE47C2C}.Debug|Any CPU.ActiveCfg = Debug|Any CPU
		{17EF9048-94D6-752A-6958-909D9CE47C2C}.Debug|Any CPU.Build.0 = Debug|Any CPU
		{17EF9048-94D6-752A-6958-909D9CE47C2C}.Release|Any CPU.ActiveCfg = Release|Any CPU
		{17EF9048-94D6-752A-6958-909D9CE47C2C}.Release|Any CPU.Build.0 = Release|Any CPU
		{DFD03915-51D1-4733-A6EC-BC063E51BFBE}.Debug|Any CPU.ActiveCfg = Debug|Any CPU
		{DFD03915-51D1-4733-A6EC-BC063E51BFBE}.Debug|Any CPU.Build.0 = Debug|Any CPU
		{DFD03915-51D1-4733-A6EC-BC063E51BFBE}.Release|Any CPU.ActiveCfg = Release|Any CPU
		{DFD03915-51D1-4733-A6EC-BC063E51BFBE}.Release|Any CPU.Build.0 = Release|Any CPU
		{B37EF2CD-D20E-1343-1AB5-44ED4926215D}.Debug|Any CPU.ActiveCfg = Debug|Any CPU
		{B37EF2CD-D20E-1343-1AB5-44ED4926215D}.Debug|Any CPU.Build.0 = Debug|Any CPU
		{B37EF2CD-D20E-1343-1AB5-44ED4926215D}.Release|Any CPU.ActiveCfg = Release|Any CPU
		{B37EF2CD-D20E-1343-1AB5-44ED4926215D}.Release|Any CPU.Build.0 = Release|Any CPU
	EndGlobalSection
	GlobalSection(SolutionProperties) = preSolution
		HideSolutionNode = FALSE
	EndGlobalSection
EndGlobal
